
Microsoft Visual Studio Solution File, Format Version 12.00
# Visual Studio Version 17
VisualStudioVersion = 17.6.33829.357
MinimumVisualStudioVersion = 10.0.40219.1
Project("{FAE04EC0-301F-11D3-BF4B-00C04F79EFBC}") = "BethanysPieShop.InventoryManagement", "BethanysPieShop.InventoryManagement\BethanysPieShop.InventoryManagement.csproj", "{1A715007-F7BE-484E-A852-DC6E143E98D1}"
EndProject
Global
	GlobalSection(SolutionConfigurationPlatforms) = preSolution
		Debug|Any CPU = Debug|Any CPU
		Release|Any CPU = Release|Any CPU
	EndGlobalSection
	GlobalSection(ProjectConfigurationPlatforms) = postSolution
		{1A715007-F7BE-484E-A852-DC6E143E98D1}.Debug|Any CPU.ActiveCfg = Debug|Any CPU
		{1A715007-F7BE-484E-A852-DC6E143E98D1}.Debug|Any CPU.Build.0 = Debug|Any CPU
		{1A715007-F7BE-484E-A852-DC6E143E98D1}.Release|Any CPU.ActiveCfg = Release|Any CPU
		{1A715007-F7BE-484E-A852-DC6E143E98D1}.Release|Any CPU.Build.0 = Release|Any CPU
	EndGlobalSection
	GlobalSection(SolutionProperties) = preSolution
		HideSolutionNode = FALSE
	EndGlobalSection
	GlobalSection(ExtensibilityGlobals) = postSolution
		SolutionGuid = {9925A293-BD53-46CE-9C01-9A542FE7F144}
	EndGlobalSection
EndGlobal
